
Microsoft Visual Studio Solution File, Format Version 12.00
# Visual Studio Version 17
VisualStudioVersion = 17.0.31903.59
MinimumVisualStudioVersion = 10.0.40219.1
Project("{FAE04EC0-301F-11D3-BF4B-00C04F79EFBC}") = "MaterialClient", "src\MaterialClient\MaterialClient.csproj", "{EA9B6137-247F-42CA-823A-1A9C182AB4E1}"
EndProject
Project("{FAE04EC0-301F-11D3-BF4B-00C04F79EFBC}") = "MaterialClient.Common", "src\MaterialClient.Common\MaterialClient.Common.csproj", "{139138C2-0E2F-43D5-AC04-16F7B5BE1F42}"
EndProject
Project("{FAE04EC0-301F-11D3-BF4B-00C04F79EFBC}") = "MaterialClient.Common.Tests", "tests\MaterialClient.Common.Tests\MaterialClient.Common.Tests.csproj", "{773F21A6-62E6-41BB-9B56-CBC385C12B6D}"
EndProject
Project("{FAE04EC0-301F-11D3-BF4B-00C04F79EFBC}") = "MaterialClient.Toolkit", "src\MaterialClient.Toolkit\MaterialClient.Toolkit.csproj", "{40C443DB-CA4F-4788-887D-75BC30A5FAFF}"
EndProject
Project("{FAE04EC0-301F-11D3-BF4B-00C04F79EFBC}") = "MaterialClient.Demo", "src\MaterialClient.Demo\MaterialClient.Demo.csproj", "{E92C7A8D-ACA5-4551-A571-50089FFCFF35}"
EndProject
Project("{FAE04EC0-301F-11D3-BF4B-00C04F79EFBC}") = "MaterialClient.Urban", "src\MaterialClient.Urban\MaterialClient.Urban.csproj", "{C0AFA4A6-25F3-4466-B140-B9DF72B59524}"
EndProject
Project("{FAE04EC0-301F-11D3-BF4B-00C04F79EFBC}") = "MaterialClient.UI", "src\MaterialClient.UI\MaterialClient.UI.csproj", "{B8A3C7D2-9E4F-4A1B-8D5C-6F7E8A9B0C1D}"
EndProject
Project("{FAE04EC0-301F-11D3-BF4B-00C04F79EFBC}") = "MaterialClient.Recycle", "src\MaterialClient.Recycle\MaterialClient.Recycle.csproj", "{5A84EF6C-FD4B-45A6-B76F-D3CAC802CB67}"
EndProject
Project("{2150E333-8FDC-42A3-9474-1A3956D46DE8}") = "src", "src", "{827E0CD3-B72D-47B6-A68D-7590B98EB39B}"
EndProject
Project("{FAE04EC0-301F-11D3-BF4B-00C04F79EFBC}") = "MaterialClient.AttendedWeighing", "src\MaterialClient.AttendedWeighing\MaterialClient.AttendedWeighing.csproj", "{35247861-2059-47A5-9716-8A17658F5664}"
EndProject
Global
	GlobalSection(SolutionConfigurationPlatforms) = preSolution
		Debug|Any CPU = Debug|Any CPU
		Debug|x64 = Debug|x64
		Debug|x86 = Debug|x86
		Release|Any CPU = Release|Any CPU
		Release|x64 = Release|x64
		Release|x86 = Release|x86
	EndGlobalSection
	GlobalSection(ProjectConfigurationPlatforms) = postSolution
		{EA9B6137-247F-42CA-823A-1A9C182AB4E1}.Debug|Any CPU.ActiveCfg = Debug|Any CPU
		{EA9B6137-247F-42CA-823A-1A9C182AB4E1}.Debug|Any CPU.Build.0 = Debug|Any CPU
		{EA9B6137-247F-42CA-823A-1A9C182AB4E1}.Debug|x64.ActiveCfg = Debug|Any CPU
		{EA9B6137-247F-42CA-823A-1A9C182AB4E1}.Debug|x64.Build.0 = Debug|Any CPU
		{EA9B6137-247F-42CA-823A-1A9C182AB4E1}.Debug|x86.ActiveCfg = Debug|Any CPU
		{EA9B6137-247F-42CA-823A-1A9C182AB4E1}.Debug|x86.Build.0 = Debug|Any CPU
		{EA9B6137-247F-42CA-823A-1A9C182AB4E1}.Release|Any CPU.ActiveCfg = Release|Any CPU
		{EA9B6137-247F-42CA-823A-1A9C182AB4E1}.Release|Any CPU.Build.0 = Release|Any CPU
		{EA9B6137-247F-42CA-823A-1A9C182AB4E1}.Release|x64.ActiveCfg = Release|Any CPU
		{EA9B6137-247F-42CA-823A-1A9C182AB4E1}.Release|x64.Build.0 = Release|Any CPU
		{EA9B6137-247F-42CA-823A-1A9C182AB4E1}.Release|x86.ActiveCfg = Release|Any CPU
		{EA9B6137-247F-42CA-823A-1A9C182AB4E1}.Release|x86.Build.0 = Release|Any CPU
		{139138C2-0E2F-43D5-AC04-16F7B5BE1F42}.Debug|Any CPU.ActiveCfg = Debug|Any CPU
		{139138C2-0E2F-43D5-AC04-16F7B5BE1F42}.Debug|Any CPU.Build.0 = Debug|Any CPU
		{139138C2-0E2F-43D5-AC04-16F7B5BE1F42}.Debug|x64.ActiveCfg = Debug|Any CPU
		{139138C2-0E2F-43D5-AC04-16F7B5BE1F42}.Debug|x64.Build.0 = Debug|Any CPU
		{139138C2-0E2F-43D5-AC04-16F7B5BE1F42}.Debug|x86.ActiveCfg = Debug|Any CPU
		{139138C2-0E2F-43D5-AC04-16F7B5BE1F42}.Debug|x86.Build.0 = Debug|Any CPU
		{139138C2-0E2F-43D5-AC04-16F7B5BE1F42}.Release|Any CPU.ActiveCfg = Release|Any CPU
		{139138C2-0E2F-43D5-AC04-16F7B5BE1F42}.Release|Any CPU.Build.0 = Release|Any CPU
		{139138C2-0E2F-43D5-AC04-16F7B5BE1F42}.Release|x64.ActiveCfg = Release|Any CPU
		{139138C2-0E2F-43D5-AC04-16F7B5BE1F42}.Release|x64.Build.0 = Release|Any CPU
		{139138C2-0E2F-43D5-AC04-16F7B5BE1F42}.Release|x86.ActiveCfg = Release|Any CPU
		{139138C2-0E2F-43D5-AC04-16F7B5BE1F42}.Release|x86.Build.0 = Release|Any CPU
		{773F21A6-62E6-41BB-9B56-CBC385C12B6D}.Debug|Any CPU.ActiveCfg = Debug|Any CPU
		{773F21A6-62E6-41BB-9B56-CBC385C12B6D}.Debug|Any CPU.Build.0 = Debug|Any CPU
		{773F21A6-62E6-41BB-9B56-CBC385C12B6D}.Debug|x64.ActiveCfg = Debug|Any CPU
		{773F21A6-62E6-41BB-9B56-CBC385C12B6D}.Debug|x64.Build.0 = Debug|Any CPU
		{773F21A6-62E6-41BB-9B56-CBC385C12B6D}.Debug|x86.ActiveCfg = Debug|Any CPU
		{773F21A6-62E6-41BB-9B56-CBC385C12B6D}.Debug|x86.Build.0 = Debug|Any CPU
		{773F21A6-62E6-41BB-9B56-CBC385C12B6D}.Release|Any CPU.ActiveCfg = Release|Any CPU
		{773F21A6-62E6-41BB-9B56-CBC385C12B6D}.Release|x64.ActiveCfg = Release|Any CPU
		{773F21A6-62E6-41BB-9B56-CBC385C12B6D}.Release|x86.ActiveCfg = Release|Any CPU
		{40C443DB-CA4F-4788-887D-75BC30A5FAFF}.Debug|Any CPU.ActiveCfg = Debug|Any CPU
		{40C443DB-CA4F-4788-887D-75BC30A5FAFF}.Debug|Any CPU.Build.0 = Debug|Any CPU
		{40C443DB-CA4F-4788-887D-75BC30A5FAFF}.Debug|x64.ActiveCfg = Debug|Any CPU
		{40C443DB-CA4F-4788-887D-75BC30A5FAFF}.Debug|x64.Build.0 = Debug|Any CPU
		{40C443DB-CA4F-4788-887D-75BC30A5FAFF}.Debug|x86.ActiveCfg = Debug|Any CPU
		{40C443DB-CA4F-4788-887D-75BC30A5FAFF}.Debug|x86.Build.0 = Debug|Any CPU
		{40C443DB-CA4F-4788-887D-75BC30A5FAFF}.Release|Any CPU.ActiveCfg = Release|Any CPU
		{40C443DB-CA4F-4788-887D-75BC30A5FAFF}.Release|x64.ActiveCfg = Release|Any CPU
		{40C443DB-CA4F-4788-887D-75BC30A5FAFF}.Release|x86.ActiveCfg = Release|Any CPU
		{E92C7A8D-ACA5-4551-A571-50089FFCFF35}.Debug|Any CPU.ActiveCfg = Debug|Any CPU
		{E92C7A8D-ACA5-4551-A571-50089FFCFF35}.Debug|Any CPU.Build.0 = Debug|Any CPU
		{E92C7A8D-ACA5-4551-A571-50089FFCFF35}.Debug|x64.ActiveCfg = Debug|Any CPU
		{E92C7A8D-ACA5-4551-A571-50089FFCFF35}.Debug|x64.Build.0 = Debug|Any CPU
		{E92C7A8D-ACA5-4551-A571-50089FFCFF35}.Debug|x86.ActiveCfg = Debug|Any CPU
		{E92C7A8D-ACA5-4551-A571-50089FFCFF35}.Debug|x86.Build.0 = Debug|Any CPU
		{E92C7A8D-ACA5-4551-A571-50089FFCFF35}.Release|Any CPU.ActiveCfg = Release|Any CPU
		{E92C7A8D-ACA5-4551-A571-50089FFCFF35}.Release|Any CPU.Build.0 = Release|Any CPU
		{E92C7A8D-ACA5-4551-A571-50089FFCFF35}.Release|x64.ActiveCfg = Release|Any CPU
		{E92C7A8D-ACA5-4551-A571-50089FFCFF35}.Release|x64.Build.0 = Release|Any CPU
		{E92C7A8D-ACA5-4551-A571-50089FFCFF35}.Release|x86.ActiveCfg = Release|Any CPU
		{E92C7A8D-ACA5-4551-A571-50089FFCFF35}.Release|x86.Build.0 = Release|Any CPU
		{C0AFA4A6-25F3-4466-B140-B9DF72B59524}.Debug|Any CPU.ActiveCfg = Debug|Any CPU
		{C0AFA4A6-25F3-4466-B140-B9DF72B59524}.Debug|Any CPU.Build.0 = Debug|Any CPU
		{C0AFA4A6-25F3-4466-B140-B9DF72B59524}.Debug|x64.ActiveCfg = Debug|Any CPU
		{C0AFA4A6-25F3-4466-B140-B9DF72B59524}.Debug|x64.Build.0 = Debug|Any CPU
		{C0AFA4A6-25F3-4466-B140-B9DF72B59524}.Debug|x86.ActiveCfg = Debug|Any CPU
		{C0AFA4A6-25F3-4466-B140-B9DF72B59524}.Debug|x86.Build.0 = Debug|Any CPU
		{C0AFA4A6-25F3-4466-B140-B9DF72B59524}.Release|Any CPU.ActiveCfg = Release|Any CPU
		{C0AFA4A6-25F3-4466-B140-B9DF72B59524}.Release|Any CPU.Build.0 = Release|Any CPU
		{C0AFA4A6-25F3-4466-B140-B9DF72B59524}.Release|x64.ActiveCfg = Release|Any CPU
		{C0AFA4A6-25F3-4466-B140-B9DF72B59524}.Release|x64.Build.0 = Release|Any CPU
		{C0AFA4A6-25F3-4466-B140-B9DF72B59524}.Release|x86.ActiveCfg = Release|Any CPU
		{C0AFA4A6-25F3-4466-B140-B9DF72B59524}.Release|x86.Build.0 = Release|Any CPU
		{B8A3C7D2-9E4F-4A1B-8D5C-6F7E8A9B0C1D}.Debug|Any CPU.ActiveCfg = Debug|Any CPU
		{B8A3C7D2-9E4F-4A1B-8D5C-6F7E8A9B0C1D}.Debug|Any CPU.Build.0 = Debug|Any CPU
		{B8A3C7D2-9E4F-4A1B-8D5C-6F7E8A9B0C1D}.Debug|x64.ActiveCfg = Debug|Any CPU
		{B8A3C7D2-9E4F-4A1B-8D5C-6F7E8A9B0C1D}.Debug|x64.Build.0 = Debug|Any CPU
		{B8A3C7D2-9E4F-4A1B-8D5C-6F7E8A9B0C1D}.Debug|x86.ActiveCfg = Debug|Any CPU
		{B8A3C7D2-9E4F-4A1B-8D5C-6F7E8A9B0C1D}.Debug|x86.Build.0 = Debug|Any CPU
		{B8A3C7D2-9E4F-4A1B-8D5C-6F7E8A9B0C1D}.Release|Any CPU.ActiveCfg = Release|Any CPU
		{B8A3C7D2-9E4F-4A1B-8D5C-6F7E8A9B0C1D}.Release|Any CPU.Build.0 = Release|Any CPU
		{B8A3C7D2-9E4F-4A1B-8D5C-6F7E8A9B0C1D}.Release|x64.ActiveCfg = Release|Any CPU
		{B8A3C7D2-9E4F-4A1B-8D5C-6F7E8A9B0C1D}.Release|x64.Build.0 = Release|Any CPU
		{B8A3C7D2-9E4F-4A1B-8D5C-6F7E8A9B0C1D}.Release|x86.ActiveCfg = Release|Any CPU
		{B8A3C7D2-9E4F-4A1B-8D5C-6F7E8A9B0C1D}.Release|x86.Build.0 = Release|Any CPU
		{5A84EF6C-FD4B-45A6-B76F-D3CAC802CB67}.Debug|Any CPU.ActiveCfg = Debug|Any CPU
		{5A84EF6C-FD4B-45A6-B76F-D3CAC802CB67}.Debug|Any CPU.Build.0 = Debug|Any CPU
		{5A84EF6C-FD4B-45A6-B76F-D3CAC802CB67}.Debug|x64.ActiveCfg = Debug|Any CPU
		{5A84EF6C-FD4B-45A6-B76F-D3CAC802CB67}.Debug|x64.Build.0 = Debug|Any CPU
		{5A84EF6C-FD4B-45A6-B76F-D3CAC802CB67}.Debug|x86.ActiveCfg = Debug|Any CPU
		{5A84EF6C-FD4B-45A6-B76F-D3CAC802CB67}.Debug|x86.Build.0 = Debug|Any CPU
		{5A84EF6C-FD4B-45A6-B76F-D3CAC802CB67}.Release|Any CPU.ActiveCfg = Release|Any CPU
		{5A84EF6C-FD4B-45A6-B76F-D3CAC802CB67}.Release|Any CPU.Build.0 = Release|Any CPU
		{5A84EF6C-FD4B-45A6-B76F-D3CAC802CB67}.Release|x64.ActiveCfg = Release|Any CPU
		{5A84EF6C-FD4B-45A6-B76F-D3CAC802CB67}.Release|x64.Build.0 = Release|Any CPU
		{5A84EF6C-FD4B-45A6-B76F-D3CAC802CB67}.Release|x86.ActiveCfg = Release|Any CPU
		{5A84EF6C-FD4B-45A6-B76F-D3CAC802CB67}.Release|x86.Build.0 = Release|Any CPU
		{35247861-2059-47A5-9716-8A17658F5664}.Debug|Any CPU.ActiveCfg = Debug|Any CPU
		{35247861-2059-47A5-9716-8A17658F5664}.Debug|Any CPU.Build.0 = Debug|Any CPU
		{35247861-2059-47A5-9716-8A17658F5664}.Debug|x64.ActiveCfg = Debug|Any CPU
		{35247861-2059-47A5-9716-8A17658F5664}.Debug|x64.Build.0 = Debug|Any CPU
		{35247861-2059-47A5-9716-8A17658F5664}.Debug|x86.ActiveCfg = Debug|Any CPU
		{35247861-2059-47A5-9716-8A17658F5664}.Debug|x86.Build.0 = Debug|Any CPU
		{35247861-2059-47A5-9716-8A17658F5664}.Release|Any CPU.ActiveCfg = Release|Any CPU
		{35247861-2059-47A5-9716-8A17658F5664}.Release|Any CPU.Build.0 = Release|Any CPU
		{35247861-2059-47A5-9716-8A17658F5664}.Release|x64.ActiveCfg = Release|Any CPU
		{35247861-2059-47A5-9716-8A17658F5664}.Release|x64.Build.0 = Release|Any CPU
		{35247861-2059-47A5-9716-8A17658F5664}.Release|x86.ActiveCfg = Release|Any CPU
		{35247861-2059-47A5-9716-8A17658F5664}.Release|x86.Build.0 = Release|Any CPU
	EndGlobalSection
	GlobalSection(SolutionProperties) = preSolution
		HideSolutionNode = FALSE
	EndGlobalSection
	GlobalSection(NestedProjects) = preSolution
		{35247861-2059-47A5-9716-8A17658F5664} = {827E0CD3-B72D-47B6-A68D-7590B98EB39B}
	EndGlobalSection
EndGlobal
